
Microsoft Visual Studio Solution File, Format Version 12.00
# Visual Studio Version 17
VisualStudioVersion = 17.3.32929.385
MinimumVisualStudioVersion = 10.0.40219.1
Project("{FAE04EC0-301F-11D3-BF4B-00C04F79EFBC}") = "task1", "task1.csproj", "{5C50CD8C-2789-4CB3-ADC5-AE7CCF3E352E}"
EndProject
Project("{FAE04EC0-301F-11D3-BF4B-00C04F79EFBC}") = "task2", "..\task2\task2.csproj", "{888E9A6B-59E6-4978-921E-69C43B4DD6A5}"
EndProject
Global
	GlobalSection(SolutionConfigurationPlatforms) = preSolution
		Debug|Any CPU = Debug|Any CPU
		Release|Any CPU = Release|Any CPU
	EndGlobalSection
	GlobalSection(ProjectConfigurationPlatforms) = postSolution
		{5C50CD8C-2789-4CB3-ADC5-AE7CCF3E352E}.Debug|Any CPU.ActiveCfg = Debug|Any CPU
		{5C50CD8C-2789-4CB3-ADC5-AE7CCF3E352E}.Debug|Any CPU.Build.0 = Debug|Any CPU
		{5C50CD8C-2789-4CB3-ADC5-AE7CCF3E352E}.Release|Any CPU.ActiveCfg = Release|Any CPU
		{5C50CD8C-2789-4CB3-ADC5-AE7CCF3E352E}.Release|Any CPU.Build.0 = Release|Any CPU
		{888E9A6B-59E6-4978-921E-69C43B4DD6A5}.Debug|Any CPU.ActiveCfg = Debug|Any CPU
		{888E9A6B-59E6-4978-921E-69C43B4DD6A5}.Debug|Any CPU.Build.0 = Debug|Any CPU
		{888E9A6B-59E6-4978-921E-69C43B4DD6A5}.Release|Any CPU.ActiveCfg = Release|Any CPU
		{888E9A6B-59E6-4978-921E-69C43B4DD6A5}.Release|Any CPU.Build.0 = Release|Any CPU
	EndGlobalSection
	GlobalSection(SolutionProperties) = preSolution
		HideSolutionNode = FALSE
	EndGlobalSection
	GlobalSection(ExtensibilityGlobals) = postSolution
		SolutionGuid = {691217A1-5CAA-413A-8113-EEF8441524EE}
	EndGlobalSection
EndGlobal
